{
	"name": "phone",
	"version": "1.0.0",
	"lockfileVersion": 3,
	"requires": true,
	"packages": {
		"": {
			"name": "phone",
			"version": "1.0.0",
			"dependencies": {
				"@types/qs": "^6.9.7",
				"qs": "^6.11.0",
				"spark-md5": "^3.0.2"
			},
			"devDependencies": {
				"@types/spark-md5": "^3.0.2"
			}
		},
		"node_modules/@types/qs": {
			"version": "6.9.7",
			"resolved": "https://registry.npmmirror.com/@types/qs/-/qs-6.9.7.tgz",
			"integrity": "sha512-FGa1F62FT09qcrueBA6qYTrJPVDzah9a+493+o2PCXsesWHIn27G98TsSMs3WPNbZIEj4+VJf6saSFpvD+3Zsw=="
		},
		"node_modules/@types/spark-md5": {
			"version": "3.0.2",
			"resolved": "https://registry.npmmirror.com/@types/spark-md5/-/spark-md5-3.0.2.tgz",
			"integrity": "sha512-82E/lVRaqelV9qmRzzJ1PKTpyrpnT7mwdneKNJB9hUtypZDMggloDfFUCIqRRx3lYRxteCwXSq9c+W71Vf0QnQ==",
			"dev": true
		},
		"node_modules/call-bind": {
			"version": "1.0.2",
			"resolved": "https://registry.npmmirror.com/call-bind/-/call-bind-1.0.2.tgz",
			"integrity": "sha512-7O+FbCihrB5WGbFYesctwmTKae6rOiIzmz1icreWJ+0aA7LJfuqhEso2T9ncpcFtzMQtzXf2QGGueWJGTYsqrA==",
			"dependencies": {
				"function-bind": "^1.1.1",
				"get-intrinsic": "^1.0.2"
			}
		},
		"node_modules/function-bind": {
			"version": "1.1.1",
			"resolved": "https://registry.npmmirror.com/function-bind/-/function-bind-1.1.1.tgz",
			"integrity": "sha512-yIovAzMX49sF8Yl58fSCWJ5svSLuaibPxXQJFLmBObTuCr0Mf1KiPopGM9NiFjiYBCbfaa2Fh6breQ6ANVTI0A=="
		},
		"node_modules/get-intrinsic": {
			"version": "1.2.0",
			"resolved": "https://registry.npmmirror.com/get-intrinsic/-/get-intrinsic-1.2.0.tgz",
			"integrity": "sha512-L049y6nFOuom5wGyRc3/gdTLO94dySVKRACj1RmJZBQXlbTMhtNIgkWkUHq+jYmZvKf14EW1EoJnnjbmoHij0Q==",
			"dependencies": {
				"function-bind": "^1.1.1",
				"has": "^1.0.3",
				"has-symbols": "^1.0.3"
			}
		},
		"node_modules/has": {
			"version": "1.0.3",
			"resolved": "https://registry.npmmirror.com/has/-/has-1.0.3.tgz",
			"integrity": "sha512-f2dvO0VU6Oej7RkWJGrehjbzMAjFp5/VKPp5tTpWIV4JHHZK1/BxbFRtf/siA2SWTe09caDmVtYYzWEIbBS4zw==",
			"dependencies": {
				"function-bind": "^1.1.1"
			},
			"engines": {
				"node": ">= 0.4.0"
			}
		},
		"node_modules/has-symbols": {
			"version": "1.0.3",
			"resolved": "https://registry.npmmirror.com/has-symbols/-/has-symbols-1.0.3.tgz",
			"integrity": "sha512-l3LCuF6MgDNwTDKkdYGEihYjt5pRPbEg46rtlmnSPlUbgmB8LOIrKJbYYFBSbnPaJexMKtiPO8hmeRjRz2Td+A==",
			"engines": {
				"node": ">= 0.4"
			}
		},
		"node_modules/object-inspect": {
			"version": "1.12.3",
			"resolved": "https://registry.npmmirror.com/object-inspect/-/object-inspect-1.12.3.tgz",
			"integrity": "sha512-geUvdk7c+eizMNUDkRpW1wJwgfOiOeHbxBR/hLXK1aT6zmVSO0jsQcs7fj6MGw89jC/cjGfLcNOrtMYtGqm81g=="
		},
		"node_modules/qs": {
			"version": "6.11.0",
			"resolved": "https://registry.npmmirror.com/qs/-/qs-6.11.0.tgz",
			"integrity": "sha512-MvjoMCJwEarSbUYk5O+nmoSzSutSsTwF85zcHPQ9OrlFoZOYIjaqBAJIqIXjptyD5vThxGq52Xu/MaJzRkIk4Q==",
			"dependencies": {
				"side-channel": "^1.0.4"
			},
			"engines": {
				"node": ">=0.6"
			}
		},
		"node_modules/side-channel": {
			"version": "1.0.4",
			"resolved": "https://registry.npmmirror.com/side-channel/-/side-channel-1.0.4.tgz",
			"integrity": "sha512-q5XPytqFEIKHkGdiMIrY10mvLRvnQh42/+GoBlFW3b2LXLE2xxJpZFdm94we0BaoV3RwJyGqg5wS7epxTv0Zvw==",
			"dependencies": {
				"call-bind": "^1.0.0",
				"get-intrinsic": "^1.0.2",
				"object-inspect": "^1.9.0"
			}
		},
		"node_modules/spark-md5": {
			"version": "3.0.2",
			"resolved": "https://registry.npmmirror.com/spark-md5/-/spark-md5-3.0.2.tgz",
			"integrity": "sha512-wcFzz9cDfbuqe0FZzfi2or1sgyIrsDwmPwfZC4hiNidPdPINjeUwNfv5kldczoEAcjl9Y1L3SM7Uz2PUEQzxQw=="
		}
	}
}
